
Microsoft Visual Studio Solution File, Format Version 12.00
# Visual Studio Version 16
VisualStudioVersion = 16.0.31702.278
MinimumVisualStudioVersion = 10.0.40219.1
Project("{FAE04EC0-301F-11D3-BF4B-00C04F79EFBC}") = "Logger", "Logger\Logger.csproj", "{0954B990-6688-4F09-82F0-C3901C4D9024}"
EndProject
Global
	GlobalSection(SolutionConfigurationPlatforms) = preSolution
		Debug|Any CPU = Debug|Any CPU
		Release|Any CPU = Release|Any CPU
	EndGlobalSection
	GlobalSection(ProjectConfigurationPlatforms) = postSolution
		{0954B990-6688-4F09-82F0-C3901C4D9024}.Debug|Any CPU.ActiveCfg = Debug|Any CPU
		{0954B990-6688-4F09-82F0-C3901C4D9024}.Debug|Any CPU.Build.0 = Debug|Any CPU
		{0954B990-6688-4F09-82F0-C3901C4D9024}.Release|Any CPU.ActiveCfg = Release|Any CPU
		{0954B990-6688-4F09-82F0-C3901C4D9024}.Release|Any CPU.Build.0 = Release|Any CPU
	EndGlobalSection
	GlobalSection(SolutionProperties) = preSolution
		HideSolutionNode = FALSE
	EndGlobalSection
	GlobalSection(ExtensibilityGlobals) = postSolution
		SolutionGuid = {C4D16056-EF41-4535-8003-477740A1CC48}
	EndGlobalSection
EndGlobal
