
Microsoft Visual Studio Solution File, Format Version 12.00
# Visual Studio Version 17
VisualStudioVersion = 17.1.32210.238
MinimumVisualStudioVersion = 10.0.40219.1
Project("{FAE04EC0-301F-11D3-BF4B-00C04F79EFBC}") = "ProjekatMini", "ProjekatMini\ProjekatMini.csproj", "{DB6F8730-E917-4C7B-A848-8AE03D464847}"
EndProject
Global
	GlobalSection(SolutionConfigurationPlatforms) = preSolution
		Debug|Any CPU = Debug|Any CPU
		Release|Any CPU = Release|Any CPU
	EndGlobalSection
	GlobalSection(ProjectConfigurationPlatforms) = postSolution
		{DB6F8730-E917-4C7B-A848-8AE03D464847}.Debug|Any CPU.ActiveCfg = Debug|Any CPU
		{DB6F8730-E917-4C7B-A848-8AE03D464847}.Debug|Any CPU.Build.0 = Debug|Any CPU
		{DB6F8730-E917-4C7B-A848-8AE03D464847}.Release|Any CPU.ActiveCfg = Release|Any CPU
		{DB6F8730-E917-4C7B-A848-8AE03D464847}.Release|Any CPU.Build.0 = Release|Any CPU
	EndGlobalSection
	GlobalSection(SolutionProperties) = preSolution
		HideSolutionNode = FALSE
	EndGlobalSection
	GlobalSection(ExtensibilityGlobals) = postSolution
		SolutionGuid = {592C134F-4C6A-42FD-8545-651BDE02057F}
	EndGlobalSection
EndGlobal
