
Microsoft Visual Studio Solution File, Format Version 12.00
# Visual Studio Version 17
VisualStudioVersion = 17.1.32210.238
MinimumVisualStudioVersion = 10.0.40219.1
Project("{FAE04EC0-301F-11D3-BF4B-00C04F79EFBC}") = "Demo", "Demo\Demo.csproj", "{6FF98E64-FCB3-4AAE-AF7E-736C32233E56}"
EndProject
Global
	GlobalSection(SolutionConfigurationPlatforms) = preSolution
		Debug|Any CPU = Debug|Any CPU
		Release|Any CPU = Release|Any CPU
	EndGlobalSection
	GlobalSection(ProjectConfigurationPlatforms) = postSolution
		{6FF98E64-FCB3-4AAE-AF7E-736C32233E56}.Debug|Any CPU.ActiveCfg = Debug|Any CPU
		{6FF98E64-FCB3-4AAE-AF7E-736C32233E56}.Debug|Any CPU.Build.0 = Debug|Any CPU
		{6FF98E64-FCB3-4AAE-AF7E-736C32233E56}.Release|Any CPU.ActiveCfg = Release|Any CPU
		{6FF98E64-FCB3-4AAE-AF7E-736C32233E56}.Release|Any CPU.Build.0 = Release|Any CPU
	EndGlobalSection
	GlobalSection(SolutionProperties) = preSolution
		HideSolutionNode = FALSE
	EndGlobalSection
	GlobalSection(ExtensibilityGlobals) = postSolution
		SolutionGuid = {ADFF950D-2D96-4095-9929-A8360FC52414}
	EndGlobalSection
EndGlobal
